{
  "object": {
    "pins": [
      {
        "package": "MiniDigraph",
        "repositoryURL": "https://github.com/LuizZak/MiniDigraph.git",
        "state": {
          "branch": null,
          "revision": "157ca2c337ea0fef68f8e8d12144726a63c48b92",
          "version": "0.5.0"
        }
      },
      {
        "package": "MiniP5Printer",
        "repositoryURL": "https://github.com/LuizZak/MiniP5Printer",
        "state": {
          "branch": null,
          "revision": "5be1800c72cc4129496abb4d53b316cadfe8431e",
          "version": "0.0.2"
        }
      },
      {
        "package": "swift-numerics",
        "repositoryURL": "https://github.com/apple/swift-numerics",
        "state": {
          "branch": null,
          "revision": "0a5bc04095a675662cf24757cc0640aa2204253b",
          "version": "1.0.2"
        }
      }
    ]
  },
  "version": 1
}
